
Microsoft Visual Studio Solution File, Format Version 12.00
# Visual Studio Version 16
VisualStudioVersion = 16.0.30204.135
MinimumVisualStudioVersion = 10.0.40219.1
Project("{FAE04EC0-301F-11D3-BF4B-00C04F79EFBC}") = "Soccer.Common", "Soccer.Common\Soccer.Common.csproj", "{35623EE6-A7DD-4640-9C77-6253E90F9D14}"
EndProject
Project("{FAE04EC0-301F-11D3-BF4B-00C04F79EFBC}") = "Soccer.Web", "Soccer.Web\Soccer.Web.csproj", "{161D8D17-B769-418E-9C6F-A54B0A3C8358}"
EndProject
Project("{FAE04EC0-301F-11D3-BF4B-00C04F79EFBC}") = "Soccer.Prism", "Soccer.Prism\Soccer.Prism\Soccer.Prism.csproj", "{079A416E-EA82-47C6-85BD-65C04EEDB85E}"
EndProject
Project("{FAE04EC0-301F-11D3-BF4B-00C04F79EFBC}") = "Soccer.Prism.Android", "Soccer.Prism\Soccer.Prism.Android\Soccer.Prism.Android.csproj", "{41180EA1-EC74-4485-A2A7-FA21FD198026}"
EndProject
Project("{FAE04EC0-301F-11D3-BF4B-00C04F79EFBC}") = "Soccer.Prism.iOS", "Soccer.Prism\Soccer.Prism.iOS\Soccer.Prism.iOS.csproj", "{F71739FF-CCCC-4A53-BAB7-11D7FDE9AEDB}"
EndProject
Project("{FAE04EC0-301F-11D3-BF4B-00C04F79EFBC}") = "Soccer.Cross.Android", "Soccer.Cross.Android\Soccer.Cross.Android.csproj", "{D5ACCC9E-DCAC-46FD-99E1-29122F4EFBAC}"
EndProject
Project("{FAE04EC0-301F-11D3-BF4B-00C04F79EFBC}") = "Soccer.Cross.Ios", "Soccer.Cross.Ios\Soccer.Cross.Ios.csproj", "{B44B2986-3E5C-4358-94A9-C78B2149E660}"
EndProject
Global
	GlobalSection(SolutionConfigurationPlatforms) = preSolution
		Ad-Hoc|Any CPU = Ad-Hoc|Any CPU
		Ad-Hoc|iPhone = Ad-Hoc|iPhone
		Ad-Hoc|iPhoneSimulator = Ad-Hoc|iPhoneSimulator
		AppStore|Any CPU = AppStore|Any CPU
		AppStore|iPhone = AppStore|iPhone
		AppStore|iPhoneSimulator = AppStore|iPhoneSimulator
		Debug|Any CPU = Debug|Any CPU
		Debug|iPhone = Debug|iPhone
		Debug|iPhoneSimulator = Debug|iPhoneSimulator
		Release|Any CPU = Release|Any CPU
		Release|iPhone = Release|iPhone
		Release|iPhoneSimulator = Release|iPhoneSimulator
	EndGlobalSection
	GlobalSection(ProjectConfigurationPlatforms) = postSolution
		{35623EE6-A7DD-4640-9C77-6253E90F9D14}.Ad-Hoc|Any CPU.ActiveCfg = Debug|Any CPU
		{35623EE6-A7DD-4640-9C77-6253E90F9D14}.Ad-Hoc|Any CPU.Build.0 = Debug|Any CPU
		{35623EE6-A7DD-4640-9C77-6253E90F9D14}.Ad-Hoc|iPhone.ActiveCfg = Debug|Any CPU
		{35623EE6-A7DD-4640-9C77-6253E90F9D14}.Ad-Hoc|iPhone.Build.0 = Debug|Any CPU
		{35623EE6-A7DD-4640-9C77-6253E90F9D14}.Ad-Hoc|iPhoneSimulator.ActiveCfg = Debug|Any CPU
		{35623EE6-A7DD-4640-9C77-6253E90F9D14}.Ad-Hoc|iPhoneSimulator.Build.0 = Debug|Any CPU
		{35623EE6-A7DD-4640-9C77-6253E90F9D14}.AppStore|Any CPU.ActiveCfg = Debug|Any CPU
		{35623EE6-A7DD-4640-9C77-6253E90F9D14}.AppStore|Any CPU.Build.0 = Debug|Any CPU
		{35623EE6-A7DD-4640-9C77-6253E90F9D14}.AppStore|iPhone.ActiveCfg = Debug|Any CPU
		{35623EE6-A7DD-4640-9C77-6253E90F9D14}.AppStore|iPhone.Build.0 = Debug|Any CPU
		{35623EE6-A7DD-4640-9C77-6253E90F9D14}.AppStore|iPhoneSimulator.ActiveCfg = Debug|Any CPU
		{35623EE6-A7DD-4640-9C77-6253E90F9D14}.AppStore|iPhoneSimulator.Build.0 = Debug|Any CPU
		{35623EE6-A7DD-4640-9C77-6253E90F9D14}.Debug|Any CPU.ActiveCfg = Debug|Any CPU
		{35623EE6-A7DD-4640-9C77-6253E90F9D14}.Debug|Any CPU.Build.0 = Debug|Any CPU
		{35623EE6-A7DD-4640-9C77-6253E90F9D14}.Debug|iPhone.ActiveCfg = Debug|Any CPU
		{35623EE6-A7DD-4640-9C77-6253E90F9D14}.Debug|iPhone.Build.0 = Debug|Any CPU
		{35623EE6-A7DD-4640-9C77-6253E90F9D14}.Debug|iPhoneSimulator.ActiveCfg = Debug|Any CPU
		{35623EE6-A7DD-4640-9C77-6253E90F9D14}.Debug|iPhoneSimulator.Build.0 = Debug|Any CPU
		{35623EE6-A7DD-4640-9C77-6253E90F9D14}.Release|Any CPU.ActiveCfg = Release|Any CPU
		{35623EE6-A7DD-4640-9C77-6253E90F9D14}.Release|Any CPU.Build.0 = Release|Any CPU
		{35623EE6-A7DD-4640-9C77-6253E90F9D14}.Release|iPhone.ActiveCfg = Release|Any CPU
		{35623EE6-A7DD-4640-9C77-6253E90F9D14}.Release|iPhone.Build.0 = Release|Any CPU
		{35623EE6-A7DD-4640-9C77-6253E90F9D14}.Release|iPhoneSimulator.ActiveCfg = Release|Any CPU
		{35623EE6-A7DD-4640-9C77-6253E90F9D14}.Release|iPhoneSimulator.Build.0 = Release|Any CPU
		{161D8D17-B769-418E-9C6F-A54B0A3C8358}.Ad-Hoc|Any CPU.ActiveCfg = Debug|Any CPU
		{161D8D17-B769-418E-9C6F-A54B0A3C8358}.Ad-Hoc|Any CPU.Build.0 = Debug|Any CPU
		{161D8D17-B769-418E-9C6F-A54B0A3C8358}.Ad-Hoc|iPhone.ActiveCfg = Debug|Any CPU
		{161D8D17-B769-418E-9C6F-A54B0A3C8358}.Ad-Hoc|iPhone.Build.0 = Debug|Any CPU
		{161D8D17-B769-418E-9C6F-A54B0A3C8358}.Ad-Hoc|iPhoneSimulator.ActiveCfg = Debug|Any CPU
		{161D8D17-B769-418E-9C6F-A54B0A3C8358}.Ad-Hoc|iPhoneSimulator.Build.0 = Debug|Any CPU
		{161D8D17-B769-418E-9C6F-A54B0A3C8358}.AppStore|Any CPU.ActiveCfg = Debug|Any CPU
		{161D8D17-B769-418E-9C6F-A54B0A3C8358}.AppStore|Any CPU.Build.0 = Debug|Any CPU
		{161D8D17-B769-418E-9C6F-A54B0A3C8358}.AppStore|iPhone.ActiveCfg = Debug|Any CPU
		{161D8D17-B769-418E-9C6F-A54B0A3C8358}.AppStore|iPhone.Build.0 = Debug|Any CPU
		{161D8D17-B769-418E-9C6F-A54B0A3C8358}.AppStore|iPhoneSimulator.ActiveCfg = Debug|Any CPU
		{161D8D17-B769-418E-9C6F-A54B0A3C8358}.AppStore|iPhoneSimulator.Build.0 = Debug|Any CPU
		{161D8D17-B769-418E-9C6F-A54B0A3C8358}.Debug|Any CPU.ActiveCfg = Debug|Any CPU
		{161D8D17-B769-418E-9C6F-A54B0A3C8358}.Debug|Any CPU.Build.0 = Debug|Any CPU
		{161D8D17-B769-418E-9C6F-A54B0A3C8358}.Debug|iPhone.ActiveCfg = Debug|Any CPU
		{161D8D17-B769-418E-9C6F-A54B0A3C8358}.Debug|iPhone.Build.0 = Debug|Any CPU
		{161D8D17-B769-418E-9C6F-A54B0A3C8358}.Debug|iPhoneSimulator.ActiveCfg = Debug|Any CPU
		{161D8D17-B769-418E-9C6F-A54B0A3C8358}.Debug|iPhoneSimulator.Build.0 = Debug|Any CPU
		{161D8D17-B769-418E-9C6F-A54B0A3C8358}.Release|Any CPU.ActiveCfg = Release|Any CPU
		{161D8D17-B769-418E-9C6F-A54B0A3C8358}.Release|Any CPU.Build.0 = Release|Any CPU
		{161D8D17-B769-418E-9C6F-A54B0A3C8358}.Release|iPhone.ActiveCfg = Release|Any CPU
		{161D8D17-B769-418E-9C6F-A54B0A3C8358}.Release|iPhone.Build.0 = Release|Any CPU
		{161D8D17-B769-418E-9C6F-A54B0A3C8358}.Release|iPhoneSimulator.ActiveCfg = Release|Any CPU
		{161D8D17-B769-418E-9C6F-A54B0A3C8358}.Release|iPhoneSimulator.Build.0 = Release|Any CPU
		{079A416E-EA82-47C6-85BD-65C04EEDB85E}.Ad-Hoc|Any CPU.ActiveCfg = Debug|Any CPU
		{079A416E-EA82-47C6-85BD-65C04EEDB85E}.Ad-Hoc|Any CPU.Build.0 = Debug|Any CPU
		{079A416E-EA82-47C6-85BD-65C04EEDB85E}.Ad-Hoc|iPhone.ActiveCfg = Debug|Any CPU
		{079A416E-EA82-47C6-85BD-65C04EEDB85E}.Ad-Hoc|iPhone.Build.0 = Debug|Any CPU
		{079A416E-EA82-47C6-85BD-65C04EEDB85E}.Ad-Hoc|iPhoneSimulator.ActiveCfg = Debug|Any CPU
		{079A416E-EA82-47C6-85BD-65C04EEDB85E}.Ad-Hoc|iPhoneSimulator.Build.0 = Debug|Any CPU
		{079A416E-EA82-47C6-85BD-65C04EEDB85E}.AppStore|Any CPU.ActiveCfg = Debug|Any CPU
		{079A416E-EA82-47C6-85BD-65C04EEDB85E}.AppStore|Any CPU.Build.0 = Debug|Any CPU
		{079A416E-EA82-47C6-85BD-65C04EEDB85E}.AppStore|iPhone.ActiveCfg = Debug|Any CPU
		{079A416E-EA82-47C6-85BD-65C04EEDB85E}.AppStore|iPhone.Build.0 = Debug|Any CPU
		{079A416E-EA82-47C6-85BD-65C04EEDB85E}.AppStore|iPhoneSimulator.ActiveCfg = Debug|Any CPU
		{079A416E-EA82-47C6-85BD-65C04EEDB85E}.AppStore|iPhoneSimulator.Build.0 = Debug|Any CPU
		{079A416E-EA82-47C6-85BD-65C04EEDB85E}.Debug|Any CPU.ActiveCfg = Debug|Any CPU
		{079A416E-EA82-47C6-85BD-65C04EEDB85E}.Debug|Any CPU.Build.0 = Debug|Any CPU
		{079A416E-EA82-47C6-85BD-65C04EEDB85E}.Debug|iPhone.ActiveCfg = Debug|Any CPU
		{079A416E-EA82-47C6-85BD-65C04EEDB85E}.Debug|iPhone.Build.0 = Debug|Any CPU
		{079A416E-EA82-47C6-85BD-65C04EEDB85E}.Debug|iPhoneSimulator.ActiveCfg = Debug|Any CPU
		{079A416E-EA82-47C6-85BD-65C04EEDB85E}.Debug|iPhoneSimulator.Build.0 = Debug|Any CPU
		{079A416E-EA82-47C6-85BD-65C04EEDB85E}.Release|Any CPU.ActiveCfg = Release|Any CPU
		{079A416E-EA82-47C6-85BD-65C04EEDB85E}.Release|Any CPU.Build.0 = Release|Any CPU
		{079A416E-EA82-47C6-85BD-65C04EEDB85E}.Release|iPhone.ActiveCfg = Release|Any CPU
		{079A416E-EA82-47C6-85BD-65C04EEDB85E}.Release|iPhone.Build.0 = Release|Any CPU
		{079A416E-EA82-47C6-85BD-65C04EEDB85E}.Release|iPhoneSimulator.ActiveCfg = Release|Any CPU
		{079A416E-EA82-47C6-85BD-65C04EEDB85E}.Release|iPhoneSimulator.Build.0 = Release|Any CPU
		{41180EA1-EC74-4485-A2A7-FA21FD198026}.Ad-Hoc|Any CPU.ActiveCfg = Release|Any CPU
		{41180EA1-EC74-4485-A2A7-FA21FD198026}.Ad-Hoc|Any CPU.Build.0 = Release|Any CPU
		{41180EA1-EC74-4485-A2A7-FA21FD198026}.Ad-Hoc|Any CPU.Deploy.0 = Release|Any CPU
		{41180EA1-EC74-4485-A2A7-FA21FD198026}.Ad-Hoc|iPhone.ActiveCfg = Release|Any CPU
		{41180EA1-EC74-4485-A2A7-FA21FD198026}.Ad-Hoc|iPhone.Build.0 = Release|Any CPU
		{41180EA1-EC74-4485-A2A7-FA21FD198026}.Ad-Hoc|iPhone.Deploy.0 = Release|Any CPU
		{41180EA1-EC74-4485-A2A7-FA21FD198026}.Ad-Hoc|iPhoneSimulator.ActiveCfg = Release|Any CPU
		{41180EA1-EC74-4485-A2A7-FA21FD198026}.Ad-Hoc|iPhoneSimulator.Build.0 = Release|Any CPU
		{41180EA1-EC74-4485-A2A7-FA21FD198026}.Ad-Hoc|iPhoneSimulator.Deploy.0 = Release|Any CPU
		{41180EA1-EC74-4485-A2A7-FA21FD198026}.AppStore|Any CPU.ActiveCfg = Release|Any CPU
		{41180EA1-EC74-4485-A2A7-FA21FD198026}.AppStore|Any CPU.Build.0 = Release|Any CPU
		{41180EA1-EC74-4485-A2A7-FA21FD198026}.AppStore|Any CPU.Deploy.0 = Release|Any CPU
		{41180EA1-EC74-4485-A2A7-FA21FD198026}.AppStore|iPhone.ActiveCfg = Release|Any CPU
		{41180EA1-EC74-4485-A2A7-FA21FD198026}.AppStore|iPhone.Build.0 = Release|Any CPU
		{41180EA1-EC74-4485-A2A7-FA21FD198026}.AppStore|iPhone.Deploy.0 = Release|Any CPU
		{41180EA1-EC74-4485-A2A7-FA21FD198026}.AppStore|iPhoneSimulator.ActiveCfg = Release|Any CPU
		{41180EA1-EC74-4485-A2A7-FA21FD198026}.AppStore|iPhoneSimulator.Build.0 = Release|Any CPU
		{41180EA1-EC74-4485-A2A7-FA21FD198026}.AppStore|iPhoneSimulator.Deploy.0 = Release|Any CPU
		{41180EA1-EC74-4485-A2A7-FA21FD198026}.Debug|Any CPU.ActiveCfg = Debug|Any CPU
		{41180EA1-EC74-4485-A2A7-FA21FD198026}.Debug|Any CPU.Build.0 = Debug|Any CPU
		{41180EA1-EC74-4485-A2A7-FA21FD198026}.Debug|Any CPU.Deploy.0 = Debug|Any CPU
		{41180EA1-EC74-4485-A2A7-FA21FD198026}.Debug|iPhone.ActiveCfg = Debug|Any CPU
		{41180EA1-EC74-4485-A2A7-FA21FD198026}.Debug|iPhone.Build.0 = Debug|Any CPU
		{41180EA1-EC74-4485-A2A7-FA21FD198026}.Debug|iPhone.Deploy.0 = Debug|Any CPU
		{41180EA1-EC74-4485-A2A7-FA21FD198026}.Debug|iPhoneSimulator.ActiveCfg = Debug|Any CPU
		{41180EA1-EC74-4485-A2A7-FA21FD198026}.Debug|iPhoneSimulator.Build.0 = Debug|Any CPU
		{41180EA1-EC74-4485-A2A7-FA21FD198026}.Debug|iPhoneSimulator.Deploy.0 = Debug|Any CPU
		{41180EA1-EC74-4485-A2A7-FA21FD198026}.Release|Any CPU.ActiveCfg = Release|Any CPU
		{41180EA1-EC74-4485-A2A7-FA21FD198026}.Release|Any CPU.Build.0 = Release|Any CPU
		{41180EA1-EC74-4485-A2A7-FA21FD198026}.Release|Any CPU.Deploy.0 = Release|Any CPU
		{41180EA1-EC74-4485-A2A7-FA21FD198026}.Release|iPhone.ActiveCfg = Release|Any CPU
		{41180EA1-EC74-4485-A2A7-FA21FD198026}.Release|iPhone.Build.0 = Release|Any CPU
		{41180EA1-EC74-4485-A2A7-FA21FD198026}.Release|iPhone.Deploy.0 = Release|Any CPU
		{41180EA1-EC74-4485-A2A7-FA21FD198026}.Release|iPhoneSimulator.ActiveCfg = Release|Any CPU
		{41180EA1-EC74-4485-A2A7-FA21FD198026}.Release|iPhoneSimulator.Build.0 = Release|Any CPU
		{41180EA1-EC74-4485-A2A7-FA21FD198026}.Release|iPhoneSimulator.Deploy.0 = Release|Any CPU
		{F71739FF-CCCC-4A53-BAB7-11D7FDE9AEDB}.Ad-Hoc|Any CPU.ActiveCfg = Ad-Hoc|iPhone
		{F71739FF-CCCC-4A53-BAB7-11D7FDE9AEDB}.Ad-Hoc|iPhone.ActiveCfg = Ad-Hoc|iPhone
		{F71739FF-CCCC-4A53-BAB7-11D7FDE9AEDB}.Ad-Hoc|iPhone.Build.0 = Ad-Hoc|iPhone
		{F71739FF-CCCC-4A53-BAB7-11D7FDE9AEDB}.Ad-Hoc|iPhoneSimulator.ActiveCfg = Ad-Hoc|iPhoneSimulator
		{F71739FF-CCCC-4A53-BAB7-11D7FDE9AEDB}.Ad-Hoc|iPhoneSimulator.Build.0 = Ad-Hoc|iPhoneSimulator
		{F71739FF-CCCC-4A53-BAB7-11D7FDE9AEDB}.AppStore|Any CPU.ActiveCfg = AppStore|iPhone
		{F71739FF-CCCC-4A53-BAB7-11D7FDE9AEDB}.AppStore|iPhone.ActiveCfg = AppStore|iPhone
		{F71739FF-CCCC-4A53-BAB7-11D7FDE9AEDB}.AppStore|iPhone.Build.0 = AppStore|iPhone
		{F71739FF-CCCC-4A53-BAB7-11D7FDE9AEDB}.AppStore|iPhoneSimulator.ActiveCfg = AppStore|iPhoneSimulator
		{F71739FF-CCCC-4A53-BAB7-11D7FDE9AEDB}.AppStore|iPhoneSimulator.Build.0 = AppStore|iPhoneSimulator
		{F71739FF-CCCC-4A53-BAB7-11D7FDE9AEDB}.Debug|Any CPU.ActiveCfg = Debug|iPhone
		{F71739FF-CCCC-4A53-BAB7-11D7FDE9AEDB}.Debug|iPhone.ActiveCfg = Debug|iPhone
		{F71739FF-CCCC-4A53-BAB7-11D7FDE9AEDB}.Debug|iPhone.Build.0 = Debug|iPhone
		{F71739FF-CCCC-4A53-BAB7-11D7FDE9AEDB}.Debug|iPhoneSimulator.ActiveCfg = Debug|iPhoneSimulator
		{F71739FF-CCCC-4A53-BAB7-11D7FDE9AEDB}.Debug|iPhoneSimulator.Build.0 = Debug|iPhoneSimulator
		{F71739FF-CCCC-4A53-BAB7-11D7FDE9AEDB}.Release|Any CPU.ActiveCfg = Release|iPhone
		{F71739FF-CCCC-4A53-BAB7-11D7FDE9AEDB}.Release|iPhone.ActiveCfg = Release|iPhone
		{F71739FF-CCCC-4A53-BAB7-11D7FDE9AEDB}.Release|iPhone.Build.0 = Release|iPhone
		{F71739FF-CCCC-4A53-BAB7-11D7FDE9AEDB}.Release|iPhoneSimulator.ActiveCfg = Release|iPhoneSimulator
		{F71739FF-CCCC-4A53-BAB7-11D7FDE9AEDB}.Release|iPhoneSimulator.Build.0 = Release|iPhoneSimulator
		{D5ACCC9E-DCAC-46FD-99E1-29122F4EFBAC}.Ad-Hoc|Any CPU.ActiveCfg = Release|Any CPU
		{D5ACCC9E-DCAC-46FD-99E1-29122F4EFBAC}.Ad-Hoc|Any CPU.Build.0 = Release|Any CPU
		{D5ACCC9E-DCAC-46FD-99E1-29122F4EFBAC}.Ad-Hoc|Any CPU.Deploy.0 = Release|Any CPU
		{D5ACCC9E-DCAC-46FD-99E1-29122F4EFBAC}.Ad-Hoc|iPhone.ActiveCfg = Release|Any CPU
		{D5ACCC9E-DCAC-46FD-99E1-29122F4EFBAC}.Ad-Hoc|iPhone.Build.0 = Release|Any CPU
		{D5ACCC9E-DCAC-46FD-99E1-29122F4EFBAC}.Ad-Hoc|iPhone.Deploy.0 = Release|Any CPU
		{D5ACCC9E-DCAC-46FD-99E1-29122F4EFBAC}.Ad-Hoc|iPhoneSimulator.ActiveCfg = Release|Any CPU
		{D5ACCC9E-DCAC-46FD-99E1-29122F4EFBAC}.Ad-Hoc|iPhoneSimulator.Build.0 = Release|Any CPU
		{D5ACCC9E-DCAC-46FD-99E1-29122F4EFBAC}.Ad-Hoc|iPhoneSimulator.Deploy.0 = Release|Any CPU
		{D5ACCC9E-DCAC-46FD-99E1-29122F4EFBAC}.AppStore|Any CPU.ActiveCfg = Release|Any CPU
		{D5ACCC9E-DCAC-46FD-99E1-29122F4EFBAC}.AppStore|Any CPU.Build.0 = Release|Any CPU
		{D5ACCC9E-DCAC-46FD-99E1-29122F4EFBAC}.AppStore|Any CPU.Deploy.0 = Release|Any CPU
		{D5ACCC9E-DCAC-46FD-99E1-29122F4EFBAC}.AppStore|iPhone.ActiveCfg = Release|Any CPU
		{D5ACCC9E-DCAC-46FD-99E1-29122F4EFBAC}.AppStore|iPhone.Build.0 = Release|Any CPU
		{D5ACCC9E-DCAC-46FD-99E1-29122F4EFBAC}.AppStore|iPhone.Deploy.0 = Release|Any CPU
		{D5ACCC9E-DCAC-46FD-99E1-29122F4EFBAC}.AppStore|iPhoneSimulator.ActiveCfg = Release|Any CPU
		{D5ACCC9E-DCAC-46FD-99E1-29122F4EFBAC}.AppStore|iPhoneSimulator.Build.0 = Release|Any CPU
		{D5ACCC9E-DCAC-46FD-99E1-29122F4EFBAC}.AppStore|iPhoneSimulator.Deploy.0 = Release|Any CPU
		{D5ACCC9E-DCAC-46FD-99E1-29122F4EFBAC}.Debug|Any CPU.ActiveCfg = Debug|Any CPU
		{D5ACCC9E-DCAC-46FD-99E1-29122F4EFBAC}.Debug|Any CPU.Build.0 = Debug|Any CPU
		{D5ACCC9E-DCAC-46FD-99E1-29122F4EFBAC}.Debug|Any CPU.Deploy.0 = Debug|Any CPU
		{D5ACCC9E-DCAC-46FD-99E1-29122F4EFBAC}.Debug|iPhone.ActiveCfg = Debug|Any CPU
		{D5ACCC9E-DCAC-46FD-99E1-29122F4EFBAC}.Debug|iPhone.Build.0 = Debug|Any CPU
		{D5ACCC9E-DCAC-46FD-99E1-29122F4EFBAC}.Debug|iPhone.Deploy.0 = Debug|Any CPU
		{D5ACCC9E-DCAC-46FD-99E1-29122F4EFBAC}.Debug|iPhoneSimulator.ActiveCfg = Debug|Any CPU
		{D5ACCC9E-DCAC-46FD-99E1-29122F4EFBAC}.Debug|iPhoneSimulator.Build.0 = Debug|Any CPU
		{D5ACCC9E-DCAC-46FD-99E1-29122F4EFBAC}.Debug|iPhoneSimulator.Deploy.0 = Debug|Any CPU
		{D5ACCC9E-DCAC-46FD-99E1-29122F4EFBAC}.Release|Any CPU.ActiveCfg = Release|Any CPU
		{D5ACCC9E-DCAC-46FD-99E1-29122F4EFBAC}.Release|Any CPU.Build.0 = Release|Any CPU
		{D5ACCC9E-DCAC-46FD-99E1-29122F4EFBAC}.Release|Any CPU.Deploy.0 = Release|Any CPU
		{D5ACCC9E-DCAC-46FD-99E1-29122F4EFBAC}.Release|iPhone.ActiveCfg = Release|Any CPU
		{D5ACCC9E-DCAC-46FD-99E1-29122F4EFBAC}.Release|iPhone.Build.0 = Release|Any CPU
		{D5ACCC9E-DCAC-46FD-99E1-29122F4EFBAC}.Release|iPhone.Deploy.0 = Release|Any CPU
		{D5ACCC9E-DCAC-46FD-99E1-29122F4EFBAC}.Release|iPhoneSimulator.ActiveCfg = Release|Any CPU
		{D5ACCC9E-DCAC-46FD-99E1-29122F4EFBAC}.Release|iPhoneSimulator.Build.0 = Release|Any CPU
		{D5ACCC9E-DCAC-46FD-99E1-29122F4EFBAC}.Release|iPhoneSimulator.Deploy.0 = Release|Any CPU
		{B44B2986-3E5C-4358-94A9-C78B2149E660}.Ad-Hoc|Any CPU.ActiveCfg = Release|iPhone
		{B44B2986-3E5C-4358-94A9-C78B2149E660}.Ad-Hoc|Any CPU.Build.0 = Release|iPhone
		{B44B2986-3E5C-4358-94A9-C78B2149E660}.Ad-Hoc|iPhone.ActiveCfg = Release|iPhone
		{B44B2986-3E5C-4358-94A9-C78B2149E660}.Ad-Hoc|iPhone.Build.0 = Release|iPhone
		{B44B2986-3E5C-4358-94A9-C78B2149E660}.Ad-Hoc|iPhoneSimulator.ActiveCfg = Release|iPhoneSimulator
		{B44B2986-3E5C-4358-94A9-C78B2149E660}.Ad-Hoc|iPhoneSimulator.Build.0 = Release|iPhoneSimulator
		{B44B2986-3E5C-4358-94A9-C78B2149E660}.AppStore|Any CPU.ActiveCfg = Release|iPhone
		{B44B2986-3E5C-4358-94A9-C78B2149E660}.AppStore|Any CPU.Build.0 = Release|iPhone
		{B44B2986-3E5C-4358-94A9-C78B2149E660}.AppStore|iPhone.ActiveCfg = Release|iPhone
		{B44B2986-3E5C-4358-94A9-C78B2149E660}.AppStore|iPhone.Build.0 = Release|iPhone
		{B44B2986-3E5C-4358-94A9-C78B2149E660}.AppStore|iPhoneSimulator.ActiveCfg = Release|iPhoneSimulator
		{B44B2986-3E5C-4358-94A9-C78B2149E660}.AppStore|iPhoneSimulator.Build.0 = Release|iPhoneSimulator
		{B44B2986-3E5C-4358-94A9-C78B2149E660}.Debug|Any CPU.ActiveCfg = Debug|iPhone
		{B44B2986-3E5C-4358-94A9-C78B2149E660}.Debug|iPhone.ActiveCfg = Debug|iPhone
		{B44B2986-3E5C-4358-94A9-C78B2149E660}.Debug|iPhone.Build.0 = Debug|iPhone
		{B44B2986-3E5C-4358-94A9-C78B2149E660}.Debug|iPhoneSimulator.ActiveCfg = Debug|iPhoneSimulator
		{B44B2986-3E5C-4358-94A9-C78B2149E660}.Debug|iPhoneSimulator.Build.0 = Debug|iPhoneSimulator
		{B44B2986-3E5C-4358-94A9-C78B2149E660}.Release|Any CPU.ActiveCfg = Release|iPhone
		{B44B2986-3E5C-4358-94A9-C78B2149E660}.Release|iPhone.ActiveCfg = Release|iPhone
		{B44B2986-3E5C-4358-94A9-C78B2149E660}.Release|iPhone.Build.0 = Release|iPhone
		{B44B2986-3E5C-4358-94A9-C78B2149E660}.Release|iPhoneSimulator.ActiveCfg = Release|iPhoneSimulator
		{B44B2986-3E5C-4358-94A9-C78B2149E660}.Release|iPhoneSimulator.Build.0 = Release|iPhoneSimulator
	EndGlobalSection
	GlobalSection(SolutionProperties) = preSolution
		HideSolutionNode = FALSE
	EndGlobalSection
	GlobalSection(ExtensibilityGlobals) = postSolution
		SolutionGuid = {EBB1B51F-7DF8-4330-9210-BCCCCDF6C908}
	EndGlobalSection
EndGlobal
